
Microsoft Visual Studio Solution File, Format Version 12.00
# Visual Studio Version 16
VisualStudioVersion = 16.0.33927.289
MinimumVisualStudioVersion = 10.0.40219.1
Project("{8BC9CEB8-8B4A-11D0-8D11-00A0C91BC942}") = "P006_Control_V0_Tony", "P006_Control_V0_Tony.vcxproj", "{3F89FA06-31D9-449D-B800-C23D78186759}"
EndProject
Global
	GlobalSection(SolutionConfigurationPlatforms) = preSolution
		Debug|x64 = Debug|x64
		Debug|x86 = Debug|x86
		Release|x64 = Release|x64
		Release|x86 = Release|x86
	EndGlobalSection
	GlobalSection(ProjectConfigurationPlatforms) = postSolution
		{3F89FA06-31D9-449D-B800-C23D78186759}.Debug|x64.ActiveCfg = Debug|x64
		{3F89FA06-31D9-449D-B800-C23D78186759}.Debug|x64.Build.0 = Debug|x64
		{3F89FA06-31D9-449D-B800-C23D78186759}.Debug|x86.ActiveCfg = Debug|Win32
		{3F89FA06-31D9-449D-B800-C23D78186759}.Debug|x86.Build.0 = Debug|Win32
		{3F89FA06-31D9-449D-B800-C23D78186759}.Release|x64.ActiveCfg = Release|x64
		{3F89FA06-31D9-449D-B800-C23D78186759}.Release|x64.Build.0 = Release|x64
		{3F89FA06-31D9-449D-B800-C23D78186759}.Release|x86.ActiveCfg = Release|Win32
		{3F89FA06-31D9-449D-B800-C23D78186759}.Release|x86.Build.0 = Release|Win32
	EndGlobalSection
	GlobalSection(SolutionProperties) = preSolution
		HideSolutionNode = FALSE
	EndGlobalSection
	GlobalSection(ExtensibilityGlobals) = postSolution
		SolutionGuid = {C1380BAD-63A4-4D4D-BF2A-E72F51104E2D}
	EndGlobalSection
EndGlobal
